
Microsoft Visual Studio Solution File, Format Version 12.00
Project("{FAE04EC0-301F-11D3-BF4B-00C04F79EFBC}") = "SimpleArchitecture", "SimpleArchitecture.csproj", "{018EBF0C-DD0E-4A48-AEDE-91F9A1C5A6B8}"
EndProject
Global
	GlobalSection(SolutionConfigurationPlatforms) = preSolution
		Debug|Any CPU = Debug|Any CPU
		Release|Any CPU = Release|Any CPU
	EndGlobalSection
	GlobalSection(ProjectConfigurationPlatforms) = postSolution
		{018EBF0C-DD0E-4A48-AEDE-91F9A1C5A6B8}.Debug|Any CPU.ActiveCfg = Debug|Any CPU
		{018EBF0C-DD0E-4A48-AEDE-91F9A1C5A6B8}.Debug|Any CPU.Build.0 = Debug|Any CPU
		{018EBF0C-DD0E-4A48-AEDE-91F9A1C5A6B8}.Release|Any CPU.ActiveCfg = Release|Any CPU
		{018EBF0C-DD0E-4A48-AEDE-91F9A1C5A6B8}.Release|Any CPU.Build.0 = Release|Any CPU
	EndGlobalSection
EndGlobal
